
Microsoft Visual Studio Solution File, Format Version 12.00
# Visual Studio Version 17
VisualStudioVersion = 17.14.36429.23 d17.14
MinimumVisualStudioVersion = 10.0.40219.1
Project("{FAE04EC0-301F-11D3-BF4B-00C04F79EFBC}") = "DonationManagement", "DonationManagement.csproj", "{6CD9CF21-7B7F-4B10-BDBD-71DAE25988B5}"
EndProject
Global
	GlobalSection(SolutionConfigurationPlatforms) = preSolution
		Debug|Any CPU = Debug|Any CPU
		Release|Any CPU = Release|Any CPU
	EndGlobalSection
	GlobalSection(ProjectConfigurationPlatforms) = postSolution
		{6CD9CF21-7B7F-4B10-BDBD-71DAE25988B5}.Debug|Any CPU.ActiveCfg = Debug|Any CPU
		{6CD9CF21-7B7F-4B10-BDBD-71DAE25988B5}.Debug|Any CPU.Build.0 = Debug|Any CPU
		{6CD9CF21-7B7F-4B10-BDBD-71DAE25988B5}.Release|Any CPU.ActiveCfg = Release|Any CPU
		{6CD9CF21-7B7F-4B10-BDBD-71DAE25988B5}.Release|Any CPU.Build.0 = Release|Any CPU
	EndGlobalSection
	GlobalSection(SolutionProperties) = preSolution
		HideSolutionNode = FALSE
	EndGlobalSection
	GlobalSection(ExtensibilityGlobals) = postSolution
		SolutionGuid = {C89C346D-7D25-4C76-9BC8-405FB51B1C74}
	EndGlobalSection
EndGlobal
